<?xml version="1.0" encoding="utf-8"?>
<Project ToolsVersion="4.0" xmlns="http://schemas.microsoft.com/developer/msbuild/2003">
  <ItemGroup>
    <Filter Include="Engine">
      <UniqueIdentifier>{73771f7f-fa05-49c7-b515-29e3fb6b238f}</UniqueIdentifier>
    </Filter>
    <Filter Include="Engine\02.Core">
      <UniqueIdentifier>{f2fa8ad7-a41f-4361-8dfd-1bb647d8a5c7}</UniqueIdentifier>
    </Filter>
    <Filter Include="Engine\01.Header">
      <UniqueIdentifier>{ec9ea290-6308-4d11-bc79-8526a94bc473}</UniqueIdentifier>
    </Filter>
    <Filter Include="Engine\03.Manger">
      <UniqueIdentifier>{376f420c-2ca0-472d-91db-f209e4be83f2}</UniqueIdentifier>
    </Filter>
    <Filter Include="Engine\03.Manger\KeyMgr">
      <UniqueIdentifier>{4075c0c6-531c-4bd4-8f7c-99fabdb21f3b}</UniqueIdentifier>
    </Filter>
    <Filter Include="Engine\04.Object">
      <UniqueIdentifier>{9e979048-a359-4941-888e-b62dbf5ee153}</UniqueIdentifier>
    </Filter>
    <Filter Include="Engine\03.Manger\CTimeMgr">
      <UniqueIdentifier>{3e970a5d-1de2-4fef-8eb2-cba85aeccd5d}</UniqueIdentifier>
    </Filter>
    <Filter Include="Engine\05.Scene">
      <UniqueIdentifier>{5e07cde2-ce1e-4788-9a30-a0fd1652d49d}</UniqueIdentifier>
    </Filter>
    <Filter Include="Engine\05.Scene\Scene_Start">
      <UniqueIdentifier>{b282972e-0f66-4589-9e3a-a2dff400918d}</UniqueIdentifier>
    </Filter>
    <Filter Include="Engine\05.Scene\Scene_Tool">
      <UniqueIdentifier>{0f1f0bb7-1f52-4314-8323-f5865fa1ce6c}</UniqueIdentifier>
    </Filter>
    <Filter Include="Engine\03.Manger\CSceneMgr">
      <UniqueIdentifier>{4c092999-287a-46ce-9f22-3190c9d55267}</UniqueIdentifier>
    </Filter>
    <Filter Include="Engine\04.Object\Player">
      <UniqueIdentifier>{1a035867-d538-472b-877b-148f75239614}</UniqueIdentifier>
    </Filter>
    <Filter Include="Engine\04.Object\Monster">
      <UniqueIdentifier>{7e628698-4464-4c6f-b2ac-bc90c7ffe37e}</UniqueIdentifier>
    </Filter>
    <Filter Include="Engine\04.Object\Missile">
      <UniqueIdentifier>{8c705e6a-72b5-4335-8010-01e230a075dd}</UniqueIdentifier>
    </Filter>
    <Filter Include="Engine\06.Resource">
      <UniqueIdentifier>{db967f0b-859f-4c0b-9168-9260ee6ff3bc}</UniqueIdentifier>
    </Filter>
    <Filter Include="Engine\06.Resource\Texture">
      <UniqueIdentifier>{283d765f-c35f-4af7-b2b7-41d2d34b127c}</UniqueIdentifier>
    </Filter>
    <Filter Include="Engine\06.Resource\Sound">
      <UniqueIdentifier>{b03c3ec7-059e-4584-b273-6ad7e395a5c8}</UniqueIdentifier>
    </Filter>
    <Filter Include="Engine\03.Manger\PathMgr">
      <UniqueIdentifier>{4675f15c-caa7-44b3-b72a-81d800d92776}</UniqueIdentifier>
    </Filter>
    <Filter Include="Engine\03.Manger\ResMgr">
      <UniqueIdentifier>{30c9efb5-402b-4d85-9904-035994fb1881}</UniqueIdentifier>
    </Filter>
    <Filter Include="Engine\07.Component">
      <UniqueIdentifier>{213026d9-3a6c-463d-8d96-b9f0bee86867}</UniqueIdentifier>
    </Filter>
    <Filter Include="Engine\08.Module">
      <UniqueIdentifier>{83494811-bcf6-47aa-b058-63cf1133ae3a}</UniqueIdentifier>
    </Filter>
    <Filter Include="Engine\03.Manger\CollisionMgr">
      <UniqueIdentifier>{5b31465f-f88f-4f34-8d85-2f8a4077edcc}</UniqueIdentifier>
    </Filter>
    <Filter Include="Engine\03.Manger\EventMgr">
      <UniqueIdentifier>{dc3c1205-b3d7-4b3d-88ad-161adbbaf86c}</UniqueIdentifier>
    </Filter>
    <Filter Include="Engine\07.Component\Animator">
      <UniqueIdentifier>{17ef72e7-f9c1-40e7-9e45-e49cdbbbf7d3}</UniqueIdentifier>
    </Filter>
    <Filter Include="Engine\07.Component\Collider">
      <UniqueIdentifier>{2eae7915-54b0-4c8f-9134-c0e9678a3645}</UniqueIdentifier>
    </Filter>
    <Filter Include="Engine\07.Component\Animator\Animation">
      <UniqueIdentifier>{9828ce4e-0eee-430b-bb72-16be435a326d}</UniqueIdentifier>
    </Filter>
    <Filter Include="Engine\03.Manger\Camera">
      <UniqueIdentifier>{954cba74-e157-4f28-b1fc-17bd30b16dcc}</UniqueIdentifier>
    </Filter>
    <Filter Include="Engine\04.Object\Tile">
      <UniqueIdentifier>{95858934-cae6-467e-9abb-4a960b7a5ddc}</UniqueIdentifier>
    </Filter>
    <Filter Include="Engine\04.Object\UI">
      <UniqueIdentifier>{5bb115fa-d957-4767-a568-16219b39f5bd}</UniqueIdentifier>
    </Filter>
    <Filter Include="Engine\03.Manger\CUIMgr">
      <UniqueIdentifier>{0b918efa-e4b9-4a28-965c-39c582c848a2}</UniqueIdentifier>
    </Filter>
    <Filter Include="Engine\04.Object\UI\PanelUI">
      <UniqueIdentifier>{f8142b2c-8dbe-4926-9394-00701c48b52d}</UniqueIdentifier>
    </Filter>
    <Filter Include="Engine\04.Object\UI\BtnUI">
      <UniqueIdentifier>{533b6de9-409d-42a2-8e80-5a7abd5c98a6}</UniqueIdentifier>
    </Filter>
    <Filter Include="Engine\08.Module\AI">
      <UniqueIdentifier>{3211d450-c531-4fbd-86ba-29f89f52baf8}</UniqueIdentifier>
    </Filter>
    <Filter Include="Engine\08.Module\AI\State">
      <UniqueIdentifier>{7ccef160-ff59-4745-a24e-8ccc7629214f}</UniqueIdentifier>
    </Filter>
    <Filter Include="Engine\08.Module\AI\State\Idle">
      <UniqueIdentifier>{05c18f70-52c0-4c9e-ae30-669ab4a663d9}</UniqueIdentifier>
    </Filter>
    <Filter Include="Engine\08.Module\AI\State\Trace">
      <UniqueIdentifier>{667deb03-f750-41b8-af8c-08ea2c8d84a2}</UniqueIdentifier>
    </Filter>
    <Filter Include="Engine\08.Module\AI\State\Attack">
      <UniqueIdentifier>{6ca4ca2c-a51d-4490-a021-8e76b4a11ab6}</UniqueIdentifier>
    </Filter>
    <Filter Include="Engine\08.Module\AI\State\Dead">
      <UniqueIdentifier>{b8712f9c-e1e0-4fe0-b6db-feb53f2703c6}</UniqueIdentifier>
    </Filter>
    <Filter Include="Engine\08.Module\AI\State\Idle\Default">
      <UniqueIdentifier>{cc772632-2841-4f91-9436-6a1d39964daf}</UniqueIdentifier>
    </Filter>
    <Filter Include="Engine\08.Module\AI\State\Idle\Default\리소스 파일">
      <UniqueIdentifier>{67DA6AB6-F800-4c08-8B7A-83BB121AAD01}</UniqueIdentifier>
      <Extensions>rc;ico;cur;bmp;dlg;rc2;rct;bin;rgs;gif;jpg;jpeg;jpe;resx;tiff;tif;png;wav;mfcribbon-ms</Extensions>
    </Filter>
    <Filter Include="Engine\소스 파일">
      <UniqueIdentifier>{4FC737F1-C7A5-4376-A066-2A32D752A2FF}</UniqueIdentifier>
      <Extensions>cpp;c;cc;cxx;c++;cppm;ixx;def;odl;idl;hpj;bat;asm;asmx</Extensions>
    </Filter>
    <Filter Include="Engine\09.Factory">
      <UniqueIdentifier>{00534308-f547-48b3-98e7-f8463ba1383b}</UniqueIdentifier>
    </Filter>
    <Filter Include="Engine\09.Factory\MonFactory">
      <UniqueIdentifier>{ae7e3c3c-4ec7-49ad-b20e-c2ab6f81a9f4}</UniqueIdentifier>
    </Filter>
    <Filter Include="Engine\07.Component\RigidBody">
      <UniqueIdentifier>{330c3f1a-3049-40f2-8f41-2ac0d5338d9e}</UniqueIdentifier>
    </Filter>
    <Filter Include="Engine\07.Component\Gravity">
      <UniqueIdentifier>{062fdeca-26e0-404e-a9e2-7ff71193c0b7}</UniqueIdentifier>
    </Filter>
    <Filter Include="Engine\04.Object\Ground">
      <UniqueIdentifier>{9872e914-93a4-439a-9ece-0b05499390ef}</UniqueIdentifier>
    </Filter>
    <Filter Include="Engine\03.Manger\SoundMgr">
      <UniqueIdentifier>{01131fbd-34fe-4cf3-89b9-5948ead31238}</UniqueIdentifier>
    </Filter>
  </ItemGroup>
  <ItemGroup>
    <ClInclude Include="CCore.h">
      <Filter>Engine\02.Core</Filter>
    </ClInclude>
    <ClInclude Include="Client.h">
      <Filter>Engine\08.Module\AI\State\Idle\Default</Filter>
    </ClInclude>
    <ClInclude Include="framework.h">
      <Filter>Engine\08.Module\AI\State\Idle\Default</Filter>
    </ClInclude>
    <ClInclude Include="Resource.h">
      <Filter>Engine\08.Module\AI\State\Idle\Default</Filter>
    </ClInclude>
    <ClInclude Include="targetver.h">
      <Filter>Engine\08.Module\AI\State\Idle\Default</Filter>
    </ClInclude>
    <ClInclude Include="define.h">
      <Filter>Engine\01.Header</Filter>
    </ClInclude>
    <ClInclude Include="CKeyMgr.h">
      <Filter>Engine\03.Manger\KeyMgr</Filter>
    </ClInclude>
    <ClInclude Include="pch.h" />
    <ClInclude Include="CObject.h">
      <Filter>Engine\04.Object</Filter>
    </ClInclude>
    <ClInclude Include="struct.h">
      <Filter>Engine\01.Header</Filter>
    </ClInclude>
    <ClInclude Include="CTimeMgr.h">
      <Filter>Engine\03.Manger\CTimeMgr</Filter>
    </ClInclude>
    <ClInclude Include="CScene.h">
      <Filter>Engine\05.Scene</Filter>
    </ClInclude>
    <ClInclude Include="CScene_Start.h">
      <Filter>Engine\05.Scene\Scene_Start</Filter>
    </ClInclude>
    <ClInclude Include="CSceneMgr.h">
      <Filter>Engine\03.Manger\CSceneMgr</Filter>
    </ClInclude>
    <ClInclude Include="CPlayer.h">
      <Filter>Engine\04.Object\Player</Filter>
    </ClInclude>
    <ClInclude Include="CMonster.h">
      <Filter>Engine\04.Object\Monster</Filter>
    </ClInclude>
    <ClInclude Include="CMissile.h">
      <Filter>Engine\04.Object\Missile</Filter>
    </ClInclude>
    <ClInclude Include="CRes.h">
      <Filter>Engine\06.Resource</Filter>
    </ClInclude>
    <ClInclude Include="CTexture.h">
      <Filter>Engine\06.Resource\Texture</Filter>
    </ClInclude>
    <ClInclude Include="CSound.h">
      <Filter>Engine\06.Resource\Sound</Filter>
    </ClInclude>
    <ClInclude Include="CPathMgr.h">
      <Filter>Engine\03.Manger\PathMgr</Filter>
    </ClInclude>
    <ClInclude Include="CResMgr.h">
      <Filter>Engine\03.Manger\ResMgr</Filter>
    </ClInclude>
    <ClInclude Include="SelectGDI.h">
      <Filter>Engine\08.Module</Filter>
    </ClInclude>
    <ClInclude Include="CCollisionMgr.h">
      <Filter>Engine\03.Manger\CollisionMgr</Filter>
    </ClInclude>
    <ClInclude Include="CEventMgr.h">
      <Filter>Engine\03.Manger\EventMgr</Filter>
    </ClInclude>
    <ClInclude Include="func.h">
      <Filter>Engine\01.Header</Filter>
    </ClInclude>
    <ClInclude Include="CScene_Tool.h">
      <Filter>Engine\05.Scene\Scene_Tool</Filter>
    </ClInclude>
    <ClInclude Include="CAnimator.h">
      <Filter>Engine\07.Component\Animator</Filter>
    </ClInclude>
    <ClInclude Include="CCollider.h">
      <Filter>Engine\07.Component\Collider</Filter>
    </ClInclude>
    <ClInclude Include="CAnimation.h">
      <Filter>Engine\07.Component\Animator\Animation</Filter>
    </ClInclude>
    <ClInclude Include="CCamera.h">
      <Filter>Engine\03.Manger\Camera</Filter>
    </ClInclude>
    <ClInclude Include="CTile.h">
      <Filter>Engine\04.Object\Tile</Filter>
    </ClInclude>
    <ClInclude Include="global.h">
      <Filter>Engine\01.Header</Filter>
    </ClInclude>
    <ClInclude Include="CUI.h">
      <Filter>Engine\04.Object\UI</Filter>
    </ClInclude>
    <ClInclude Include="CUIMgr.h">
      <Filter>Engine\03.Manger\CUIMgr</Filter>
    </ClInclude>
    <ClInclude Include="CPanelUI.h">
      <Filter>Engine\04.Object\UI\PanelUI</Filter>
    </ClInclude>
    <ClInclude Include="CBtnUI.h">
      <Filter>Engine\04.Object\UI\BtnUI</Filter>
    </ClInclude>
    <ClInclude Include="AI.h">
      <Filter>Engine\08.Module\AI</Filter>
    </ClInclude>
    <ClInclude Include="CState.h">
      <Filter>Engine\08.Module\AI\State</Filter>
    </ClInclude>
    <ClInclude Include="CIdleState.h">
      <Filter>Engine\08.Module\AI\State\Idle</Filter>
    </ClInclude>
    <ClInclude Include="CTraceState.h">
      <Filter>Engine\08.Module\AI\State\Trace</Filter>
    </ClInclude>
    <ClInclude Include="CMonFactory.h">
      <Filter>Engine\09.Factory\MonFactory</Filter>
    </ClInclude>
    <ClInclude Include="CRigidBody.h">
      <Filter>Engine\07.Component\RigidBody</Filter>
    </ClInclude>
    <ClInclude Include="CGravity.h">
      <Filter>Engine\07.Component\Gravity</Filter>
    </ClInclude>
    <ClInclude Include="CGround.h">
      <Filter>Engine\04.Object\Ground</Filter>
    </ClInclude>
    <ClInclude Include="CSoundMgr.h">
      <Filter>Engine\03.Manger\SoundMgr</Filter>
    </ClInclude>
  </ItemGroup>
  <ItemGroup>
    <ResourceCompile Include="Client.rc">
      <Filter>Engine\08.Module\AI\State\Idle\Default\리소스 파일</Filter>
    </ResourceCompile>
  </ItemGroup>
  <ItemGroup>
    <Image Include="small.ico">
      <Filter>Engine\08.Module\AI\State\Idle\Default\리소스 파일</Filter>
    </Image>
    <Image Include="Client.ico">
      <Filter>Engine\08.Module\AI\State\Idle\Default\리소스 파일</Filter>
    </Image>
  </ItemGroup>
  <ItemGroup>
    <ClCompile Include="CCore.cpp">
      <Filter>Engine\02.Core</Filter>
    </ClCompile>
    <ClCompile Include="CKeyMgr.cpp">
      <Filter>Engine\03.Manger\KeyMgr</Filter>
    </ClCompile>
    <ClCompile Include="main.cpp" />
    <ClCompile Include="CObject.cpp">
      <Filter>Engine\04.Object</Filter>
    </ClCompile>
    <ClCompile Include="CTimeMgr.cpp">
      <Filter>Engine\03.Manger\CTimeMgr</Filter>
    </ClCompile>
    <ClCompile Include="CScene.cpp">
      <Filter>Engine\05.Scene</Filter>
    </ClCompile>
    <ClCompile Include="CScene_Start.cpp">
      <Filter>Engine\05.Scene\Scene_Start</Filter>
    </ClCompile>
    <ClCompile Include="CSceneMgr.cpp">
      <Filter>Engine\03.Manger\CSceneMgr</Filter>
    </ClCompile>
    <ClCompile Include="CPlayer.cpp">
      <Filter>Engine\04.Object\Player</Filter>
    </ClCompile>
    <ClCompile Include="CMonster.cpp">
      <Filter>Engine\04.Object\Monster</Filter>
    </ClCompile>
    <ClCompile Include="CMissile.cpp">
      <Filter>Engine\04.Object\Missile</Filter>
    </ClCompile>
    <ClCompile Include="CRes.cpp">
      <Filter>Engine\06.Resource</Filter>
    </ClCompile>
    <ClCompile Include="CTexture.cpp">
      <Filter>Engine\06.Resource\Texture</Filter>
    </ClCompile>
    <ClCompile Include="CSound.cpp">
      <Filter>Engine\06.Resource\Sound</Filter>
    </ClCompile>
    <ClCompile Include="CPathMgr.cpp">
      <Filter>Engine\03.Manger\PathMgr</Filter>
    </ClCompile>
    <ClCompile Include="CResMgr.cpp">
      <Filter>Engine\03.Manger\ResMgr</Filter>
    </ClCompile>
    <ClCompile Include="SelectGDI.cpp">
      <Filter>Engine\08.Module</Filter>
    </ClCompile>
    <ClCompile Include="CCollisionMgr.cpp">
      <Filter>Engine\03.Manger\CollisionMgr</Filter>
    </ClCompile>
    <ClCompile Include="CEventMgr.cpp">
      <Filter>Engine\03.Manger\EventMgr</Filter>
    </ClCompile>
    <ClCompile Include="func.cpp">
      <Filter>Engine\01.Header</Filter>
    </ClCompile>
    <ClCompile Include="CScene_Tool.cpp">
      <Filter>Engine\05.Scene\Scene_Tool</Filter>
    </ClCompile>
    <ClCompile Include="CAnimator.cpp">
      <Filter>Engine\07.Component\Animator</Filter>
    </ClCompile>
    <ClCompile Include="CCollider.cpp">
      <Filter>Engine\07.Component\Collider</Filter>
    </ClCompile>
    <ClCompile Include="CAnimation.cpp">
      <Filter>Engine\07.Component\Animator\Animation</Filter>
    </ClCompile>
    <ClCompile Include="CCamera.cpp">
      <Filter>Engine\03.Manger\Camera</Filter>
    </ClCompile>
    <ClCompile Include="CTile.cpp">
      <Filter>Engine\04.Object\Tile</Filter>
    </ClCompile>
    <ClCompile Include="CUI.cpp">
      <Filter>Engine\04.Object\UI</Filter>
    </ClCompile>
    <ClCompile Include="CUIMgr.cpp">
      <Filter>Engine\03.Manger\CUIMgr</Filter>
    </ClCompile>
    <ClCompile Include="CPanelUI.cpp">
      <Filter>Engine\04.Object\UI\PanelUI</Filter>
    </ClCompile>
    <ClCompile Include="CBtnUI.cpp">
      <Filter>Engine\04.Object\UI\BtnUI</Filter>
    </ClCompile>
    <ClCompile Include="AI.cpp">
      <Filter>Engine\08.Module\AI</Filter>
    </ClCompile>
    <ClCompile Include="CState.cpp">
      <Filter>Engine\08.Module\AI\State</Filter>
    </ClCompile>
    <ClCompile Include="CIdleState.cpp">
      <Filter>Engine\08.Module\AI\State\Idle</Filter>
    </ClCompile>
    <ClCompile Include="CTraceState.cpp">
      <Filter>Engine\08.Module\AI\State\Trace</Filter>
    </ClCompile>
    <ClCompile Include="CMonFactory.cpp">
      <Filter>Engine\09.Factory\MonFactory</Filter>
    </ClCompile>
    <ClCompile Include="CRigidBody.cpp">
      <Filter>Engine\07.Component\RigidBody</Filter>
    </ClCompile>
    <ClCompile Include="CGravity.cpp">
      <Filter>Engine\07.Component\Gravity</Filter>
    </ClCompile>
    <ClCompile Include="CGround.cpp">
      <Filter>Engine\04.Object\Ground</Filter>
    </ClCompile>
    <ClCompile Include="CSoundMgr.cpp">
      <Filter>Engine\03.Manger\SoundMgr</Filter>
    </ClCompile>
  </ItemGroup>
</Project>